
Microsoft Visual Studio Solution File, Format Version 12.00
# Visual Studio Version 16
VisualStudioVersion = 16.0.28714.193
MinimumVisualStudioVersion = 10.0.40219.1
Project("{FAE04EC0-301F-11D3-BF4B-00C04F79EFBC}") = "GameOfLifeWpf", "GameOfLifeWpf\GameOfLifeWpf.csproj", "{1B0CEC60-61E7-44F7-AF65-EF484020356D}"
EndProject
Project("{9A19103F-16F7-4668-BE54-9A1E7A4F7556}") = "GameOfLife", "GameOfLife\GameOfLife.csproj", "{0FD45DAB-7638-41C8-AE8E-02038D5A2832}"
EndProject
Project("{FAE04EC0-301F-11D3-BF4B-00C04F79EFBC}") = "GameOfLifeTest", "GameOfLifeTest\GameOfLifeTest.csproj", "{DF56F4DA-4585-444D-8063-F8E9054AB1B7}"
EndProject
Global
	GlobalSection(SolutionConfigurationPlatforms) = preSolution
		Debug|Any CPU = Debug|Any CPU
		Release|Any CPU = Release|Any CPU
	EndGlobalSection
	GlobalSection(ProjectConfigurationPlatforms) = postSolution
		{1B0CEC60-61E7-44F7-AF65-EF484020356D}.Debug|Any CPU.ActiveCfg = Debug|Any CPU
		{1B0CEC60-61E7-44F7-AF65-EF484020356D}.Debug|Any CPU.Build.0 = Debug|Any CPU
		{1B0CEC60-61E7-44F7-AF65-EF484020356D}.Release|Any CPU.ActiveCfg = Release|Any CPU
		{1B0CEC60-61E7-44F7-AF65-EF484020356D}.Release|Any CPU.Build.0 = Release|Any CPU
		{0FD45DAB-7638-41C8-AE8E-02038D5A2832}.Debug|Any CPU.ActiveCfg = Debug|Any CPU
		{0FD45DAB-7638-41C8-AE8E-02038D5A2832}.Debug|Any CPU.Build.0 = Debug|Any CPU
		{0FD45DAB-7638-41C8-AE8E-02038D5A2832}.Release|Any CPU.ActiveCfg = Release|Any CPU
		{0FD45DAB-7638-41C8-AE8E-02038D5A2832}.Release|Any CPU.Build.0 = Release|Any CPU
		{DF56F4DA-4585-444D-8063-F8E9054AB1B7}.Debug|Any CPU.ActiveCfg = Debug|Any CPU
		{DF56F4DA-4585-444D-8063-F8E9054AB1B7}.Debug|Any CPU.Build.0 = Debug|Any CPU
		{DF56F4DA-4585-444D-8063-F8E9054AB1B7}.Release|Any CPU.ActiveCfg = Release|Any CPU
		{DF56F4DA-4585-444D-8063-F8E9054AB1B7}.Release|Any CPU.Build.0 = Release|Any CPU
	EndGlobalSection
	GlobalSection(SolutionProperties) = preSolution
		HideSolutionNode = FALSE
	EndGlobalSection
	GlobalSection(ExtensibilityGlobals) = postSolution
		SolutionGuid = {76A318F3-4112-4671-9FB0-3B81F77424A5}
	EndGlobalSection
EndGlobal
